<?xml version="1.0" encoding="utf-8"?>
<Project ToolsVersion="4.0" xmlns="http://schemas.microsoft.com/developer/msbuild/2003">
  <ItemGroup>
    <Filter Include="Source Files">
      <UniqueIdentifier>{4FC737F1-C7A5-4376-A066-2A32D752A2FF}</UniqueIdentifier>
      <Extensions>cpp;c;cc;cxx;def;odl;idl;hpj;bat;asm;asmx</Extensions>
    </Filter>
    <Filter Include="Header Files">
      <UniqueIdentifier>{93995380-89BD-4b04-88EB-625FBE52EBFB}</UniqueIdentifier>
      <Extensions>h;hpp;hxx;hm;inl;inc;xsd</Extensions>
    </Filter>
    <Filter Include="Resource Files">
      <UniqueIdentifier>{67DA6AB6-F800-4c08-8B7A-83BB121AAD01}</UniqueIdentifier>
      <Extensions>rc;ico;cur;bmp;dlg;rc2;rct;bin;rgs;gif;jpg;jpeg;jpe;resx;tiff;tif;png;wav;mfcribbon-ms</Extensions>
    </Filter>
    <Filter Include="Main">
      <UniqueIdentifier>{f9c2b9f3-0ef7-4213-9080-e27ea8d1f215}</UniqueIdentifier>
      <ParseFiles>false</ParseFiles>
      <SourceControlFiles>False</SourceControlFiles>
    </Filter>
  </ItemGroup>
  <ItemGroup>
    <ClCompile Include="OtmComm.cpp">
      <Filter>Source Files</Filter>
    </ClCompile>
    <ClCompile Include="OtmFileEncrypt.cpp">
      <Filter>Source Files</Filter>
    </ClCompile>
    <ClCompile Include="OtmHttp.cpp">
      <Filter>Source Files</Filter>
    </ClCompile>
    <ClCompile Include="OtmHttps.cpp">
      <Filter>Source Files</Filter>
    </ClCompile>
    <ClCompile Include="OtmPlgMgGUIComm.cpp">
      <Filter>Source Files</Filter>
    </ClCompile>
    <ClCompile Include="OtmSftp.cpp">
      <Filter>Source Files</Filter>
    </ClCompile>
    <ClCompile Include="OtmSftpConfig.cpp">
      <Filter>Source Files</Filter>
    </ClCompile>
    <ClCompile Include="PlgMgXmlParser.cpp">
      <Filter>Source Files</Filter>
    </ClCompile>
    <ClCompile Include="HistoryWriter.cpp">
      <Filter>Source Files</Filter>
    </ClCompile>
    <ClCompile Include="TimeManager.cpp">
      <Filter>Source Files</Filter>
    </ClCompile>
    <ClCompile Include="..\workbench\EQFPLGMG.CPP">
      <Filter>Main</Filter>
    </ClCompile>
  </ItemGroup>
  <ItemGroup>
    <ClInclude Include="OtmComm.h">
      <Filter>Header Files</Filter>
    </ClInclude>
    <ClInclude Include="OtmDictionary.h">
      <Filter>Header Files</Filter>
    </ClInclude>
    <ClInclude Include="OtmDictionaryPlugin.h">
      <Filter>Header Files</Filter>
    </ClInclude>
    <ClInclude Include="OtmDocument.h">
      <Filter>Header Files</Filter>
    </ClInclude>
    <ClInclude Include="OtmDocumentPlugin.h">
      <Filter>Header Files</Filter>
    </ClInclude>
    <ClInclude Include="OtmFileEncrypt.h">
      <Filter>Header Files</Filter>
    </ClInclude>
    <ClInclude Include="OtmHttp.h">
      <Filter>Header Files</Filter>
    </ClInclude>
    <ClInclude Include="OtmHttps.h">
      <Filter>Header Files</Filter>
    </ClInclude>
    <ClInclude Include="OtmMarkup.h">
      <Filter>Header Files</Filter>
    </ClInclude>
    <ClInclude Include="OtmMarkupPlugin.h">
      <Filter>Header Files</Filter>
    </ClInclude>
    <ClInclude Include="OtmMemory.h">
      <Filter>Header Files</Filter>
    </ClInclude>
    <ClInclude Include="OtmMemoryPlugin.h">
      <Filter>Header Files</Filter>
    </ClInclude>
    <ClInclude Include="OtmMorph.h">
      <Filter>Header Files</Filter>
    </ClInclude>
    <ClInclude Include="OtmMorphPlugin.h">
      <Filter>Header Files</Filter>
    </ClInclude>
    <ClInclude Include="OtmPlgMgGUIComm.h">
      <Filter>Header Files</Filter>
    </ClInclude>
    <ClInclude Include="OtmPlgMgGUIStr.h">
      <Filter>Header Files</Filter>
    </ClInclude>
    <ClInclude Include="OtmPlugin.h">
      <Filter>Header Files</Filter>
    </ClInclude>
    <ClInclude Include="OtmSftp.h">
      <Filter>Header Files</Filter>
    </ClInclude>
    <ClInclude Include="OtmSftpConfig.h">
      <Filter>Header Files</Filter>
    </ClInclude>
    <ClInclude Include="PlgMgXmlParser.h">
      <Filter>Header Files</Filter>
    </ClInclude>
    <ClInclude Include="HistoryWriter.h">
      <Filter>Header Files</Filter>
    </ClInclude>
    <ClInclude Include="TimeManager.h">
      <Filter>Header Files</Filter>
    </ClInclude>
    <ClInclude Include="..\..\..\include\EQFPLGMG.H">
      <Filter>Main</Filter>
    </ClInclude>
  </ItemGroup>
</Project>